# This file is autogenerated, do not edit; changes may be undone by the next 'dep ensure'.


[[projects]]
  name = "github.com/klauspost/compress"
  packages = ["flate","gzip","zlib"]
  revision = "6c8db69c4b49dd4df1fff66996cf556176d0b9bf"
  version = "v1.2.1"

[[projects]]
  name = "github.com/klauspost/cpuid"
  packages = ["."]
  revision = "ae7887de9fa5d2db4eaa8174a7eff2c1ac00f2da"
  version = "v1.1"

[[projects]]
  name = "github.com/klauspost/crc32"
  packages = ["."]
  revision = "cb6bfca970f6908083f26f39a79009d608efd5cd"
  version = "v1.1"

[[projects]]
  name = "github.com/valyala/fasthttp"
  packages = [".","fasthttputil"]
  revision = "d42167fd04f636e20b005e9934159e95454233c7"
  version = "v20160617"

[[projects]]
  branch = "master"
  name = "golang.org/x/sync"
  packages = ["syncmap"]
  revision = "f52d1811a62927559de87708c8913c1650ce4f26"

[[projects]]
  branch = "v1"
  name = "gopkg.in/check.v1"
  packages = ["."]
  revision = "20d25e2804050c1cd24a7eea1e7a6447dd0e74ec"

[[projects]]
  branch = "v2"
  name = "gopkg.in/yaml.v2"
  packages = ["."]
  revision = "eb3733d160e74a9c7e442f435eb3bea458e1d19f"

[solve-meta]
  analyzer-name = "dep"
  analyzer-version = 1
  inputs-digest = "b75effbb0bb4191d0fa33d6478d53cb3d452932210f65bd12f91d9d1ecd32e5e"
  solver-name = "gps-cdcl"
  solver-version = 1
